
Microsoft Visual Studio Solution File, Format Version 12.00
# Visual Studio Version 16
VisualStudioVersion = 16.0.34031.81
MinimumVisualStudioVersion = 10.0.40219.1
Project("{FAE04EC0-301F-11D3-BF4B-00C04F79EFBC}") = "CRUD-MVC", "CRUD-MVC.csproj", "{3516DA05-C623-43D4-AA8D-C3168C3650C3}"
EndProject
Global
	GlobalSection(SolutionConfigurationPlatforms) = preSolution
		Debug|Any CPU = Debug|Any CPU
		Release|Any CPU = Release|Any CPU
	EndGlobalSection
	GlobalSection(ProjectConfigurationPlatforms) = postSolution
		{3516DA05-C623-43D4-AA8D-C3168C3650C3}.Debug|Any CPU.ActiveCfg = Debug|Any CPU
		{3516DA05-C623-43D4-AA8D-C3168C3650C3}.Debug|Any CPU.Build.0 = Debug|Any CPU
		{3516DA05-C623-43D4-AA8D-C3168C3650C3}.Release|Any CPU.ActiveCfg = Release|Any CPU
		{3516DA05-C623-43D4-AA8D-C3168C3650C3}.Release|Any CPU.Build.0 = Release|Any CPU
	EndGlobalSection
	GlobalSection(SolutionProperties) = preSolution
		HideSolutionNode = FALSE
	EndGlobalSection
	GlobalSection(ExtensibilityGlobals) = postSolution
		SolutionGuid = {6AD5784B-E844-4C89-8DFC-CD0C9AE297CA}
	EndGlobalSection
EndGlobal
